
Microsoft Visual Studio Solution File, Format Version 12.00
# Visual Studio 15
VisualStudioVersion = 15.0.27703.2047
MinimumVisualStudioVersion = 10.0.40219.1
Project("{9A19103F-16F7-4668-BE54-9A1E7A4F7556}") = "dec01_1", "dec01_1\dec01_1.csproj", "{4BF62281-59E6-45B1-AABD-1E6ED6B41B5E}"
EndProject
Project("{9A19103F-16F7-4668-BE54-9A1E7A4F7556}") = "dec01_2", "dec01_2\dec01_2.csproj", "{9A98BE58-BC45-4F78-B533-80A55C86DF7A}"
EndProject
Project("{9A19103F-16F7-4668-BE54-9A1E7A4F7556}") = "dec02_1", "dec02_1\dec02_1.csproj", "{9705898A-BBA6-4C96-91B6-05FCAF46C16F}"
EndProject
Project("{9A19103F-16F7-4668-BE54-9A1E7A4F7556}") = "dec02_2", "dec02_2\dec02_2.csproj", "{E206B362-EF5F-4645-B092-739B9221EE47}"
EndProject
Project("{9A19103F-16F7-4668-BE54-9A1E7A4F7556}") = "dec03_1", "dec03_1\dec03_1.csproj", "{327ED238-DE56-4E31-9253-F8B3C41DCC9E}"
EndProject
Project("{9A19103F-16F7-4668-BE54-9A1E7A4F7556}") = "dec03_2", "dec03_2\dec03_2.csproj", "{8D5DAD3E-59BA-48D7-9FC8-EDB62F98C696}"
EndProject
Project("{9A19103F-16F7-4668-BE54-9A1E7A4F7556}") = "dec04_1", "dec04_1\dec04_1.csproj", "{CBFE268C-D8DF-4E93-8799-335812E85AE2}"
EndProject
Project("{9A19103F-16F7-4668-BE54-9A1E7A4F7556}") = "dec04_2", "dec04_2\dec04_2.csproj", "{F7ED7AA9-03E3-4CB4-AC3D-EECFD94B297F}"
EndProject
Project("{9A19103F-16F7-4668-BE54-9A1E7A4F7556}") = "dec05_1", "dec05_1\dec05_1.csproj", "{B5AB85B6-7FAF-41EF-A309-C85AD6AEBDA8}"
EndProject
Project("{9A19103F-16F7-4668-BE54-9A1E7A4F7556}") = "dec05_2", "dec05_2\dec05_2.csproj", "{C8CD5A54-06F0-47D2-B56B-5958E3771CED}"
EndProject
Project("{9A19103F-16F7-4668-BE54-9A1E7A4F7556}") = "dec06_1", "dec06_1\dec06_1.csproj", "{4D71105F-2AC4-4C84-9D8E-1E15AA6874A7}"
EndProject
Project("{9A19103F-16F7-4668-BE54-9A1E7A4F7556}") = "dec06_2", "dec06_2\dec06_2.csproj", "{15A1CA20-1B8B-42EC-8C89-886DEABEFB6E}"
EndProject
Project("{FAE04EC0-301F-11D3-BF4B-00C04F79EFBC}") = "dec07_1", "dec07_1\dec07_1.csproj", "{D07F0AA9-4F71-4B97-B481-0D0530CC102A}"
EndProject
Project("{FAE04EC0-301F-11D3-BF4B-00C04F79EFBC}") = "dec07_2", "dec07_2\dec07_2.csproj", "{8E67931C-AD8F-4EE3-A077-A69A2650998E}"
EndProject
Global
	GlobalSection(SolutionConfigurationPlatforms) = preSolution
		Debug|Any CPU = Debug|Any CPU
		Release|Any CPU = Release|Any CPU
	EndGlobalSection
	GlobalSection(ProjectConfigurationPlatforms) = postSolution
		{4BF62281-59E6-45B1-AABD-1E6ED6B41B5E}.Debug|Any CPU.ActiveCfg = Debug|Any CPU
		{4BF62281-59E6-45B1-AABD-1E6ED6B41B5E}.Debug|Any CPU.Build.0 = Debug|Any CPU
		{4BF62281-59E6-45B1-AABD-1E6ED6B41B5E}.Release|Any CPU.ActiveCfg = Release|Any CPU
		{4BF62281-59E6-45B1-AABD-1E6ED6B41B5E}.Release|Any CPU.Build.0 = Release|Any CPU
		{9A98BE58-BC45-4F78-B533-80A55C86DF7A}.Debug|Any CPU.ActiveCfg = Debug|Any CPU
		{9A98BE58-BC45-4F78-B533-80A55C86DF7A}.Debug|Any CPU.Build.0 = Debug|Any CPU
		{9A98BE58-BC45-4F78-B533-80A55C86DF7A}.Release|Any CPU.ActiveCfg = Release|Any CPU
		{9A98BE58-BC45-4F78-B533-80A55C86DF7A}.Release|Any CPU.Build.0 = Release|Any CPU
		{9705898A-BBA6-4C96-91B6-05FCAF46C16F}.Debug|Any CPU.ActiveCfg = Debug|Any CPU
		{9705898A-BBA6-4C96-91B6-05FCAF46C16F}.Debug|Any CPU.Build.0 = Debug|Any CPU
		{9705898A-BBA6-4C96-91B6-05FCAF46C16F}.Release|Any CPU.ActiveCfg = Release|Any CPU
		{9705898A-BBA6-4C96-91B6-05FCAF46C16F}.Release|Any CPU.Build.0 = Release|Any CPU
		{E206B362-EF5F-4645-B092-739B9221EE47}.Debug|Any CPU.ActiveCfg = Debug|Any CPU
		{E206B362-EF5F-4645-B092-739B9221EE47}.Debug|Any CPU.Build.0 = Debug|Any CPU
		{E206B362-EF5F-4645-B092-739B9221EE47}.Release|Any CPU.ActiveCfg = Release|Any CPU
		{E206B362-EF5F-4645-B092-739B9221EE47}.Release|Any CPU.Build.0 = Release|Any CPU
		{327ED238-DE56-4E31-9253-F8B3C41DCC9E}.Debug|Any CPU.ActiveCfg = Debug|Any CPU
		{327ED238-DE56-4E31-9253-F8B3C41DCC9E}.Debug|Any CPU.Build.0 = Debug|Any CPU
		{327ED238-DE56-4E31-9253-F8B3C41DCC9E}.Release|Any CPU.ActiveCfg = Release|Any CPU
		{327ED238-DE56-4E31-9253-F8B3C41DCC9E}.Release|Any CPU.Build.0 = Release|Any CPU
		{8D5DAD3E-59BA-48D7-9FC8-EDB62F98C696}.Debug|Any CPU.ActiveCfg = Debug|Any CPU
		{8D5DAD3E-59BA-48D7-9FC8-EDB62F98C696}.Debug|Any CPU.Build.0 = Debug|Any CPU
		{8D5DAD3E-59BA-48D7-9FC8-EDB62F98C696}.Release|Any CPU.ActiveCfg = Release|Any CPU
		{8D5DAD3E-59BA-48D7-9FC8-EDB62F98C696}.Release|Any CPU.Build.0 = Release|Any CPU
		{CBFE268C-D8DF-4E93-8799-335812E85AE2}.Debug|Any CPU.ActiveCfg = Debug|Any CPU
		{CBFE268C-D8DF-4E93-8799-335812E85AE2}.Debug|Any CPU.Build.0 = Debug|Any CPU
		{CBFE268C-D8DF-4E93-8799-335812E85AE2}.Release|Any CPU.ActiveCfg = Release|Any CPU
		{CBFE268C-D8DF-4E93-8799-335812E85AE2}.Release|Any CPU.Build.0 = Release|Any CPU
		{F7ED7AA9-03E3-4CB4-AC3D-EECFD94B297F}.Debug|Any CPU.ActiveCfg = Debug|Any CPU
		{F7ED7AA9-03E3-4CB4-AC3D-EECFD94B297F}.Debug|Any CPU.Build.0 = Debug|Any CPU
		{F7ED7AA9-03E3-4CB4-AC3D-EECFD94B297F}.Release|Any CPU.ActiveCfg = Release|Any CPU
		{F7ED7AA9-03E3-4CB4-AC3D-EECFD94B297F}.Release|Any CPU.Build.0 = Release|Any CPU
		{B5AB85B6-7FAF-41EF-A309-C85AD6AEBDA8}.Debug|Any CPU.ActiveCfg = Debug|Any CPU
		{B5AB85B6-7FAF-41EF-A309-C85AD6AEBDA8}.Debug|Any CPU.Build.0 = Debug|Any CPU
		{B5AB85B6-7FAF-41EF-A309-C85AD6AEBDA8}.Release|Any CPU.ActiveCfg = Release|Any CPU
		{B5AB85B6-7FAF-41EF-A309-C85AD6AEBDA8}.Release|Any CPU.Build.0 = Release|Any CPU
		{C8CD5A54-06F0-47D2-B56B-5958E3771CED}.Debug|Any CPU.ActiveCfg = Debug|Any CPU
		{C8CD5A54-06F0-47D2-B56B-5958E3771CED}.Debug|Any CPU.Build.0 = Debug|Any CPU
		{C8CD5A54-06F0-47D2-B56B-5958E3771CED}.Release|Any CPU.ActiveCfg = Release|Any CPU
		{C8CD5A54-06F0-47D2-B56B-5958E3771CED}.Release|Any CPU.Build.0 = Release|Any CPU
		{4D71105F-2AC4-4C84-9D8E-1E15AA6874A7}.Debug|Any CPU.ActiveCfg = Debug|Any CPU
		{4D71105F-2AC4-4C84-9D8E-1E15AA6874A7}.Debug|Any CPU.Build.0 = Debug|Any CPU
		{4D71105F-2AC4-4C84-9D8E-1E15AA6874A7}.Release|Any CPU.ActiveCfg = Release|Any CPU
		{4D71105F-2AC4-4C84-9D8E-1E15AA6874A7}.Release|Any CPU.Build.0 = Release|Any CPU
		{15A1CA20-1B8B-42EC-8C89-886DEABEFB6E}.Debug|Any CPU.ActiveCfg = Debug|Any CPU
		{15A1CA20-1B8B-42EC-8C89-886DEABEFB6E}.Debug|Any CPU.Build.0 = Debug|Any CPU
		{15A1CA20-1B8B-42EC-8C89-886DEABEFB6E}.Release|Any CPU.ActiveCfg = Release|Any CPU
		{15A1CA20-1B8B-42EC-8C89-886DEABEFB6E}.Release|Any CPU.Build.0 = Release|Any CPU
		{D07F0AA9-4F71-4B97-B481-0D0530CC102A}.Debug|Any CPU.ActiveCfg = Debug|Any CPU
		{D07F0AA9-4F71-4B97-B481-0D0530CC102A}.Debug|Any CPU.Build.0 = Debug|Any CPU
		{D07F0AA9-4F71-4B97-B481-0D0530CC102A}.Release|Any CPU.ActiveCfg = Release|Any CPU
		{D07F0AA9-4F71-4B97-B481-0D0530CC102A}.Release|Any CPU.Build.0 = Release|Any CPU
		{8E67931C-AD8F-4EE3-A077-A69A2650998E}.Debug|Any CPU.ActiveCfg = Debug|Any CPU
		{8E67931C-AD8F-4EE3-A077-A69A2650998E}.Debug|Any CPU.Build.0 = Debug|Any CPU
		{8E67931C-AD8F-4EE3-A077-A69A2650998E}.Release|Any CPU.ActiveCfg = Release|Any CPU
		{8E67931C-AD8F-4EE3-A077-A69A2650998E}.Release|Any CPU.Build.0 = Release|Any CPU
	EndGlobalSection
	GlobalSection(SolutionProperties) = preSolution
		HideSolutionNode = FALSE
	EndGlobalSection
	GlobalSection(ExtensibilityGlobals) = postSolution
		SolutionGuid = {11C202CE-CC8F-444B-B2BD-4C00CCF405B9}
	EndGlobalSection
EndGlobal
