
Microsoft Visual Studio Solution File, Format Version 12.00
# Visual Studio 15
VisualStudioVersion = 15.0.27703.2047
MinimumVisualStudioVersion = 10.0.40219.1
Project("{9A19103F-16F7-4668-BE54-9A1E7A4F7556}") = "dec01_1", "dec01_1\dec01_1.csproj", "{4BF62281-59E6-45B1-AABD-1E6ED6B41B5E}"
EndProject
Project("{9A19103F-16F7-4668-BE54-9A1E7A4F7556}") = "dec01_2", "dec01_2\dec01_2.csproj", "{9A98BE58-BC45-4F78-B533-80A55C86DF7A}"
EndProject
Project("{9A19103F-16F7-4668-BE54-9A1E7A4F7556}") = "dec02_1", "dec02_1\dec02_1.csproj", "{9705898A-BBA6-4C96-91B6-05FCAF46C16F}"
EndProject
Project("{9A19103F-16F7-4668-BE54-9A1E7A4F7556}") = "dec02_2", "dec02_2\dec02_2.csproj", "{E206B362-EF5F-4645-B092-739B9221EE47}"
EndProject
Project("{9A19103F-16F7-4668-BE54-9A1E7A4F7556}") = "dec03_1", "dec03_1\dec03_1.csproj", "{327ED238-DE56-4E31-9253-F8B3C41DCC9E}"
EndProject
Project("{9A19103F-16F7-4668-BE54-9A1E7A4F7556}") = "dec03_2", "dec03_2\dec03_2.csproj", "{8D5DAD3E-59BA-48D7-9FC8-EDB62F98C696}"
EndProject
Project("{9A19103F-16F7-4668-BE54-9A1E7A4F7556}") = "dec04_1", "dec04_1\dec04_1.csproj", "{CBFE268C-D8DF-4E93-8799-335812E85AE2}"
EndProject
Project("{9A19103F-16F7-4668-BE54-9A1E7A4F7556}") = "dec04_2", "dec04_2\dec04_2.csproj", "{F7ED7AA9-03E3-4CB4-AC3D-EECFD94B297F}"
EndProject
Project("{9A19103F-16F7-4668-BE54-9A1E7A4F7556}") = "dec05_1", "dec05_1\dec05_1.csproj", "{B5AB85B6-7FAF-41EF-A309-C85AD6AEBDA8}"
EndProject
Project("{9A19103F-16F7-4668-BE54-9A1E7A4F7556}") = "dec05_2", "dec05_2\dec05_2.csproj", "{C8CD5A54-06F0-47D2-B56B-5958E3771CED}"
EndProject
Project("{9A19103F-16F7-4668-BE54-9A1E7A4F7556}") = "dec06_1", "dec06_1\dec06_1.csproj", "{4D71105F-2AC4-4C84-9D8E-1E15AA6874A7}"
EndProject
Project("{9A19103F-16F7-4668-BE54-9A1E7A4F7556}") = "dec06_2", "dec06_2\dec06_2.csproj", "{15A1CA20-1B8B-42EC-8C89-886DEABEFB6E}"
EndProject
Project("{9A19103F-16F7-4668-BE54-9A1E7A4F7556}") = "dec07_1", "dec07_1\dec07_1.csproj", "{D07F0AA9-4F71-4B97-B481-0D0530CC102A}"
EndProject
Project("{9A19103F-16F7-4668-BE54-9A1E7A4F7556}") = "dec07_2", "dec07_2\dec07_2.csproj", "{8E67931C-AD8F-4EE3-A077-A69A2650998E}"
EndProject
Project("{9A19103F-16F7-4668-BE54-9A1E7A4F7556}") = "dec08_1", "dec08_1\dec08_1.csproj", "{A75C2F23-167B-4628-81E6-170FF251CFB8}"
EndProject
Project("{9A19103F-16F7-4668-BE54-9A1E7A4F7556}") = "dec08_2", "dec08_2\dec08_2.csproj", "{4AE52CCF-6001-491C-916B-D21184639BAA}"
EndProject
Project("{9A19103F-16F7-4668-BE54-9A1E7A4F7556}") = "dec09_1", "dec09_1\dec09_1.csproj", "{5780A03B-CE84-47F9-8090-E3FD25669D01}"
EndProject
Project("{9A19103F-16F7-4668-BE54-9A1E7A4F7556}") = "dec09_2", "dec09_2\dec09_2.csproj", "{4A558107-EEF3-4C89-8C96-9C4A2399A42A}"
EndProject
Project("{9A19103F-16F7-4668-BE54-9A1E7A4F7556}") = "dec10_1", "dec10_1\dec10_1.csproj", "{C06549B0-62D4-41C4-A2F0-37DC5B7BA147}"
EndProject
Project("{9A19103F-16F7-4668-BE54-9A1E7A4F7556}") = "dec10_2", "dec10_2\dec10_2.csproj", "{5A63AEAA-3055-43E1-8032-D4662CB8F893}"
EndProject
Project("{9A19103F-16F7-4668-BE54-9A1E7A4F7556}") = "dec11_1", "dec11_1\dec11_1.csproj", "{F31DB6CE-C787-49BB-9497-84F1F8516B2E}"
EndProject
Project("{9A19103F-16F7-4668-BE54-9A1E7A4F7556}") = "dec11_2", "dec11_2\dec11_2.csproj", "{843C1BB2-B325-4BDC-BD54-FEFBDDFA5813}"
EndProject
Project("{9A19103F-16F7-4668-BE54-9A1E7A4F7556}") = "dec12_1", "dec12_1\dec12_1.csproj", "{CBA96094-3FF7-4F1F-8A07-C7DA1603CB5E}"
EndProject
Project("{9A19103F-16F7-4668-BE54-9A1E7A4F7556}") = "dec12_2", "dec12_2\dec12_2.csproj", "{3A4E7738-AF1E-404F-91A3-86A9634FC480}"
EndProject
Project("{9A19103F-16F7-4668-BE54-9A1E7A4F7556}") = "dec13_1", "dec13_1\dec13_1.csproj", "{F49418A3-BD9B-4FA6-B128-B313C643F490}"
EndProject
Project("{9A19103F-16F7-4668-BE54-9A1E7A4F7556}") = "dec13_2", "dec13_2\dec13_2.csproj", "{7A39A02E-B458-425B-AE6D-0A9552930988}"
EndProject
Project("{9A19103F-16F7-4668-BE54-9A1E7A4F7556}") = "dec14_1", "dec14_1\dec14_1.csproj", "{46E590A4-CA39-4D74-AAA1-7FFB726D7424}"
EndProject
Project("{9A19103F-16F7-4668-BE54-9A1E7A4F7556}") = "dec14_2", "dec14_2\dec14_2.csproj", "{3E8E6AD1-943A-4B22-9017-0F54F4CE2932}"
EndProject
Project("{9A19103F-16F7-4668-BE54-9A1E7A4F7556}") = "dec15_1", "dec15_1\dec15_1.csproj", "{EC3DBFCA-12EC-4501-8E98-8CEAA5BC78D5}"
EndProject
Project("{9A19103F-16F7-4668-BE54-9A1E7A4F7556}") = "dec15_2", "dec15_2\dec15_2.csproj", "{CEF7BCF3-6AEE-497D-8E9B-DE6B22BB232D}"
EndProject
Project("{9A19103F-16F7-4668-BE54-9A1E7A4F7556}") = "dec16_1", "dec16_1\dec16_1.csproj", "{1802F978-56B8-49AF-86AC-0DED46D05A04}"
EndProject
Project("{9A19103F-16F7-4668-BE54-9A1E7A4F7556}") = "dec16_2", "dec16_2\dec16_2.csproj", "{C0DF27BA-C56C-4F35-9ED0-5D7CCA1CADAA}"
EndProject
Project("{9A19103F-16F7-4668-BE54-9A1E7A4F7556}") = "dec17_1", "dec17_1\dec17_1.csproj", "{75E0AE34-A992-42A5-A3B2-586B9AF732D0}"
EndProject
Project("{9A19103F-16F7-4668-BE54-9A1E7A4F7556}") = "dec17_2", "dec17_2\dec17_2.csproj", "{554AC28E-8CD1-4759-BDFD-F8B21499E98C}"
EndProject
Project("{FAE04EC0-301F-11D3-BF4B-00C04F79EFBC}") = "dec18_1", "dec18_1\dec18_1.csproj", "{EB76738F-E78B-4B99-83D2-B5DCD633552C}"
EndProject
Project("{FAE04EC0-301F-11D3-BF4B-00C04F79EFBC}") = "dec18_2", "dec18_2\dec18_2.csproj", "{7F4F33AD-67C2-4CA9-97A1-FF3B797EDF8F}"
EndProject
Project("{FAE04EC0-301F-11D3-BF4B-00C04F79EFBC}") = "dec19_1", "dec19_1\dec19_1.csproj", "{FE91A087-6794-431C-8F2C-C9489B703392}"
EndProject
Project("{FAE04EC0-301F-11D3-BF4B-00C04F79EFBC}") = "dec19_2", "dec19_2\dec19_2.csproj", "{FD7408BE-9BBA-4419-AB08-590DB9DD14B1}"
EndProject
Project("{FAE04EC0-301F-11D3-BF4B-00C04F79EFBC}") = "dec20_1", "dec20_1\dec20_1.csproj", "{1B6ECAC2-8BCF-461A-9CC2-494210BCB915}"
EndProject
Project("{FAE04EC0-301F-11D3-BF4B-00C04F79EFBC}") = "dec20_2", "dec20_2\dec20_2.csproj", "{BB5A040D-EDC4-42E9-B6B5-8D4819D6114C}"
EndProject
Global
	GlobalSection(SolutionConfigurationPlatforms) = preSolution
		Debug|Any CPU = Debug|Any CPU
		Release|Any CPU = Release|Any CPU
	EndGlobalSection
	GlobalSection(ProjectConfigurationPlatforms) = postSolution
		{4BF62281-59E6-45B1-AABD-1E6ED6B41B5E}.Debug|Any CPU.ActiveCfg = Debug|Any CPU
		{4BF62281-59E6-45B1-AABD-1E6ED6B41B5E}.Debug|Any CPU.Build.0 = Debug|Any CPU
		{4BF62281-59E6-45B1-AABD-1E6ED6B41B5E}.Release|Any CPU.ActiveCfg = Release|Any CPU
		{4BF62281-59E6-45B1-AABD-1E6ED6B41B5E}.Release|Any CPU.Build.0 = Release|Any CPU
		{9A98BE58-BC45-4F78-B533-80A55C86DF7A}.Debug|Any CPU.ActiveCfg = Debug|Any CPU
		{9A98BE58-BC45-4F78-B533-80A55C86DF7A}.Debug|Any CPU.Build.0 = Debug|Any CPU
		{9A98BE58-BC45-4F78-B533-80A55C86DF7A}.Release|Any CPU.ActiveCfg = Release|Any CPU
		{9A98BE58-BC45-4F78-B533-80A55C86DF7A}.Release|Any CPU.Build.0 = Release|Any CPU
		{9705898A-BBA6-4C96-91B6-05FCAF46C16F}.Debug|Any CPU.ActiveCfg = Debug|Any CPU
		{9705898A-BBA6-4C96-91B6-05FCAF46C16F}.Debug|Any CPU.Build.0 = Debug|Any CPU
		{9705898A-BBA6-4C96-91B6-05FCAF46C16F}.Release|Any CPU.ActiveCfg = Release|Any CPU
		{9705898A-BBA6-4C96-91B6-05FCAF46C16F}.Release|Any CPU.Build.0 = Release|Any CPU
		{E206B362-EF5F-4645-B092-739B9221EE47}.Debug|Any CPU.ActiveCfg = Debug|Any CPU
		{E206B362-EF5F-4645-B092-739B9221EE47}.Debug|Any CPU.Build.0 = Debug|Any CPU
		{E206B362-EF5F-4645-B092-739B9221EE47}.Release|Any CPU.ActiveCfg = Release|Any CPU
		{E206B362-EF5F-4645-B092-739B9221EE47}.Release|Any CPU.Build.0 = Release|Any CPU
		{327ED238-DE56-4E31-9253-F8B3C41DCC9E}.Debug|Any CPU.ActiveCfg = Debug|Any CPU
		{327ED238-DE56-4E31-9253-F8B3C41DCC9E}.Debug|Any CPU.Build.0 = Debug|Any CPU
		{327ED238-DE56-4E31-9253-F8B3C41DCC9E}.Release|Any CPU.ActiveCfg = Release|Any CPU
		{327ED238-DE56-4E31-9253-F8B3C41DCC9E}.Release|Any CPU.Build.0 = Release|Any CPU
		{8D5DAD3E-59BA-48D7-9FC8-EDB62F98C696}.Debug|Any CPU.ActiveCfg = Debug|Any CPU
		{8D5DAD3E-59BA-48D7-9FC8-EDB62F98C696}.Debug|Any CPU.Build.0 = Debug|Any CPU
		{8D5DAD3E-59BA-48D7-9FC8-EDB62F98C696}.Release|Any CPU.ActiveCfg = Release|Any CPU
		{8D5DAD3E-59BA-48D7-9FC8-EDB62F98C696}.Release|Any CPU.Build.0 = Release|Any CPU
		{CBFE268C-D8DF-4E93-8799-335812E85AE2}.Debug|Any CPU.ActiveCfg = Debug|Any CPU
		{CBFE268C-D8DF-4E93-8799-335812E85AE2}.Debug|Any CPU.Build.0 = Debug|Any CPU
		{CBFE268C-D8DF-4E93-8799-335812E85AE2}.Release|Any CPU.ActiveCfg = Release|Any CPU
		{CBFE268C-D8DF-4E93-8799-335812E85AE2}.Release|Any CPU.Build.0 = Release|Any CPU
		{F7ED7AA9-03E3-4CB4-AC3D-EECFD94B297F}.Debug|Any CPU.ActiveCfg = Debug|Any CPU
		{F7ED7AA9-03E3-4CB4-AC3D-EECFD94B297F}.Debug|Any CPU.Build.0 = Debug|Any CPU
		{F7ED7AA9-03E3-4CB4-AC3D-EECFD94B297F}.Release|Any CPU.ActiveCfg = Release|Any CPU
		{F7ED7AA9-03E3-4CB4-AC3D-EECFD94B297F}.Release|Any CPU.Build.0 = Release|Any CPU
		{B5AB85B6-7FAF-41EF-A309-C85AD6AEBDA8}.Debug|Any CPU.ActiveCfg = Debug|Any CPU
		{B5AB85B6-7FAF-41EF-A309-C85AD6AEBDA8}.Debug|Any CPU.Build.0 = Debug|Any CPU
		{B5AB85B6-7FAF-41EF-A309-C85AD6AEBDA8}.Release|Any CPU.ActiveCfg = Release|Any CPU
		{B5AB85B6-7FAF-41EF-A309-C85AD6AEBDA8}.Release|Any CPU.Build.0 = Release|Any CPU
		{C8CD5A54-06F0-47D2-B56B-5958E3771CED}.Debug|Any CPU.ActiveCfg = Debug|Any CPU
		{C8CD5A54-06F0-47D2-B56B-5958E3771CED}.Debug|Any CPU.Build.0 = Debug|Any CPU
		{C8CD5A54-06F0-47D2-B56B-5958E3771CED}.Release|Any CPU.ActiveCfg = Release|Any CPU
		{C8CD5A54-06F0-47D2-B56B-5958E3771CED}.Release|Any CPU.Build.0 = Release|Any CPU
		{4D71105F-2AC4-4C84-9D8E-1E15AA6874A7}.Debug|Any CPU.ActiveCfg = Debug|Any CPU
		{4D71105F-2AC4-4C84-9D8E-1E15AA6874A7}.Debug|Any CPU.Build.0 = Debug|Any CPU
		{4D71105F-2AC4-4C84-9D8E-1E15AA6874A7}.Release|Any CPU.ActiveCfg = Release|Any CPU
		{4D71105F-2AC4-4C84-9D8E-1E15AA6874A7}.Release|Any CPU.Build.0 = Release|Any CPU
		{15A1CA20-1B8B-42EC-8C89-886DEABEFB6E}.Debug|Any CPU.ActiveCfg = Debug|Any CPU
		{15A1CA20-1B8B-42EC-8C89-886DEABEFB6E}.Debug|Any CPU.Build.0 = Debug|Any CPU
		{15A1CA20-1B8B-42EC-8C89-886DEABEFB6E}.Release|Any CPU.ActiveCfg = Release|Any CPU
		{15A1CA20-1B8B-42EC-8C89-886DEABEFB6E}.Release|Any CPU.Build.0 = Release|Any CPU
		{D07F0AA9-4F71-4B97-B481-0D0530CC102A}.Debug|Any CPU.ActiveCfg = Debug|Any CPU
		{D07F0AA9-4F71-4B97-B481-0D0530CC102A}.Debug|Any CPU.Build.0 = Debug|Any CPU
		{D07F0AA9-4F71-4B97-B481-0D0530CC102A}.Release|Any CPU.ActiveCfg = Release|Any CPU
		{D07F0AA9-4F71-4B97-B481-0D0530CC102A}.Release|Any CPU.Build.0 = Release|Any CPU
		{8E67931C-AD8F-4EE3-A077-A69A2650998E}.Debug|Any CPU.ActiveCfg = Debug|Any CPU
		{8E67931C-AD8F-4EE3-A077-A69A2650998E}.Debug|Any CPU.Build.0 = Debug|Any CPU
		{8E67931C-AD8F-4EE3-A077-A69A2650998E}.Release|Any CPU.ActiveCfg = Release|Any CPU
		{8E67931C-AD8F-4EE3-A077-A69A2650998E}.Release|Any CPU.Build.0 = Release|Any CPU
		{A75C2F23-167B-4628-81E6-170FF251CFB8}.Debug|Any CPU.ActiveCfg = Debug|Any CPU
		{A75C2F23-167B-4628-81E6-170FF251CFB8}.Debug|Any CPU.Build.0 = Debug|Any CPU
		{A75C2F23-167B-4628-81E6-170FF251CFB8}.Release|Any CPU.ActiveCfg = Release|Any CPU
		{A75C2F23-167B-4628-81E6-170FF251CFB8}.Release|Any CPU.Build.0 = Release|Any CPU
		{4AE52CCF-6001-491C-916B-D21184639BAA}.Debug|Any CPU.ActiveCfg = Debug|Any CPU
		{4AE52CCF-6001-491C-916B-D21184639BAA}.Debug|Any CPU.Build.0 = Debug|Any CPU
		{4AE52CCF-6001-491C-916B-D21184639BAA}.Release|Any CPU.ActiveCfg = Release|Any CPU
		{4AE52CCF-6001-491C-916B-D21184639BAA}.Release|Any CPU.Build.0 = Release|Any CPU
		{5780A03B-CE84-47F9-8090-E3FD25669D01}.Debug|Any CPU.ActiveCfg = Debug|Any CPU
		{5780A03B-CE84-47F9-8090-E3FD25669D01}.Debug|Any CPU.Build.0 = Debug|Any CPU
		{5780A03B-CE84-47F9-8090-E3FD25669D01}.Release|Any CPU.ActiveCfg = Release|Any CPU
		{5780A03B-CE84-47F9-8090-E3FD25669D01}.Release|Any CPU.Build.0 = Release|Any CPU
		{4A558107-EEF3-4C89-8C96-9C4A2399A42A}.Debug|Any CPU.ActiveCfg = Debug|Any CPU
		{4A558107-EEF3-4C89-8C96-9C4A2399A42A}.Debug|Any CPU.Build.0 = Debug|Any CPU
		{4A558107-EEF3-4C89-8C96-9C4A2399A42A}.Release|Any CPU.ActiveCfg = Release|Any CPU
		{4A558107-EEF3-4C89-8C96-9C4A2399A42A}.Release|Any CPU.Build.0 = Release|Any CPU
		{C06549B0-62D4-41C4-A2F0-37DC5B7BA147}.Debug|Any CPU.ActiveCfg = Debug|Any CPU
		{C06549B0-62D4-41C4-A2F0-37DC5B7BA147}.Debug|Any CPU.Build.0 = Debug|Any CPU
		{C06549B0-62D4-41C4-A2F0-37DC5B7BA147}.Release|Any CPU.ActiveCfg = Release|Any CPU
		{C06549B0-62D4-41C4-A2F0-37DC5B7BA147}.Release|Any CPU.Build.0 = Release|Any CPU
		{5A63AEAA-3055-43E1-8032-D4662CB8F893}.Debug|Any CPU.ActiveCfg = Debug|Any CPU
		{5A63AEAA-3055-43E1-8032-D4662CB8F893}.Debug|Any CPU.Build.0 = Debug|Any CPU
		{5A63AEAA-3055-43E1-8032-D4662CB8F893}.Release|Any CPU.ActiveCfg = Release|Any CPU
		{5A63AEAA-3055-43E1-8032-D4662CB8F893}.Release|Any CPU.Build.0 = Release|Any CPU
		{F31DB6CE-C787-49BB-9497-84F1F8516B2E}.Debug|Any CPU.ActiveCfg = Debug|Any CPU
		{F31DB6CE-C787-49BB-9497-84F1F8516B2E}.Debug|Any CPU.Build.0 = Debug|Any CPU
		{F31DB6CE-C787-49BB-9497-84F1F8516B2E}.Release|Any CPU.ActiveCfg = Release|Any CPU
		{F31DB6CE-C787-49BB-9497-84F1F8516B2E}.Release|Any CPU.Build.0 = Release|Any CPU
		{843C1BB2-B325-4BDC-BD54-FEFBDDFA5813}.Debug|Any CPU.ActiveCfg = Debug|Any CPU
		{843C1BB2-B325-4BDC-BD54-FEFBDDFA5813}.Debug|Any CPU.Build.0 = Debug|Any CPU
		{843C1BB2-B325-4BDC-BD54-FEFBDDFA5813}.Release|Any CPU.ActiveCfg = Release|Any CPU
		{843C1BB2-B325-4BDC-BD54-FEFBDDFA5813}.Release|Any CPU.Build.0 = Release|Any CPU
		{CBA96094-3FF7-4F1F-8A07-C7DA1603CB5E}.Debug|Any CPU.ActiveCfg = Debug|Any CPU
		{CBA96094-3FF7-4F1F-8A07-C7DA1603CB5E}.Debug|Any CPU.Build.0 = Debug|Any CPU
		{CBA96094-3FF7-4F1F-8A07-C7DA1603CB5E}.Release|Any CPU.ActiveCfg = Release|Any CPU
		{CBA96094-3FF7-4F1F-8A07-C7DA1603CB5E}.Release|Any CPU.Build.0 = Release|Any CPU
		{3A4E7738-AF1E-404F-91A3-86A9634FC480}.Debug|Any CPU.ActiveCfg = Debug|Any CPU
		{3A4E7738-AF1E-404F-91A3-86A9634FC480}.Debug|Any CPU.Build.0 = Debug|Any CPU
		{3A4E7738-AF1E-404F-91A3-86A9634FC480}.Release|Any CPU.ActiveCfg = Release|Any CPU
		{3A4E7738-AF1E-404F-91A3-86A9634FC480}.Release|Any CPU.Build.0 = Release|Any CPU
		{F49418A3-BD9B-4FA6-B128-B313C643F490}.Debug|Any CPU.ActiveCfg = Debug|Any CPU
		{F49418A3-BD9B-4FA6-B128-B313C643F490}.Debug|Any CPU.Build.0 = Debug|Any CPU
		{F49418A3-BD9B-4FA6-B128-B313C643F490}.Release|Any CPU.ActiveCfg = Release|Any CPU
		{F49418A3-BD9B-4FA6-B128-B313C643F490}.Release|Any CPU.Build.0 = Release|Any CPU
		{7A39A02E-B458-425B-AE6D-0A9552930988}.Debug|Any CPU.ActiveCfg = Debug|Any CPU
		{7A39A02E-B458-425B-AE6D-0A9552930988}.Debug|Any CPU.Build.0 = Debug|Any CPU
		{7A39A02E-B458-425B-AE6D-0A9552930988}.Release|Any CPU.ActiveCfg = Release|Any CPU
		{7A39A02E-B458-425B-AE6D-0A9552930988}.Release|Any CPU.Build.0 = Release|Any CPU
		{46E590A4-CA39-4D74-AAA1-7FFB726D7424}.Debug|Any CPU.ActiveCfg = Debug|Any CPU
		{46E590A4-CA39-4D74-AAA1-7FFB726D7424}.Debug|Any CPU.Build.0 = Debug|Any CPU
		{46E590A4-CA39-4D74-AAA1-7FFB726D7424}.Release|Any CPU.ActiveCfg = Release|Any CPU
		{46E590A4-CA39-4D74-AAA1-7FFB726D7424}.Release|Any CPU.Build.0 = Release|Any CPU
		{3E8E6AD1-943A-4B22-9017-0F54F4CE2932}.Debug|Any CPU.ActiveCfg = Debug|Any CPU
		{3E8E6AD1-943A-4B22-9017-0F54F4CE2932}.Debug|Any CPU.Build.0 = Debug|Any CPU
		{3E8E6AD1-943A-4B22-9017-0F54F4CE2932}.Release|Any CPU.ActiveCfg = Release|Any CPU
		{3E8E6AD1-943A-4B22-9017-0F54F4CE2932}.Release|Any CPU.Build.0 = Release|Any CPU
		{EC3DBFCA-12EC-4501-8E98-8CEAA5BC78D5}.Debug|Any CPU.ActiveCfg = Debug|Any CPU
		{EC3DBFCA-12EC-4501-8E98-8CEAA5BC78D5}.Debug|Any CPU.Build.0 = Debug|Any CPU
		{EC3DBFCA-12EC-4501-8E98-8CEAA5BC78D5}.Release|Any CPU.ActiveCfg = Release|Any CPU
		{EC3DBFCA-12EC-4501-8E98-8CEAA5BC78D5}.Release|Any CPU.Build.0 = Release|Any CPU
		{CEF7BCF3-6AEE-497D-8E9B-DE6B22BB232D}.Debug|Any CPU.ActiveCfg = Debug|Any CPU
		{CEF7BCF3-6AEE-497D-8E9B-DE6B22BB232D}.Debug|Any CPU.Build.0 = Debug|Any CPU
		{CEF7BCF3-6AEE-497D-8E9B-DE6B22BB232D}.Release|Any CPU.ActiveCfg = Release|Any CPU
		{CEF7BCF3-6AEE-497D-8E9B-DE6B22BB232D}.Release|Any CPU.Build.0 = Release|Any CPU
		{1802F978-56B8-49AF-86AC-0DED46D05A04}.Debug|Any CPU.ActiveCfg = Debug|Any CPU
		{1802F978-56B8-49AF-86AC-0DED46D05A04}.Debug|Any CPU.Build.0 = Debug|Any CPU
		{1802F978-56B8-49AF-86AC-0DED46D05A04}.Release|Any CPU.ActiveCfg = Release|Any CPU
		{1802F978-56B8-49AF-86AC-0DED46D05A04}.Release|Any CPU.Build.0 = Release|Any CPU
		{C0DF27BA-C56C-4F35-9ED0-5D7CCA1CADAA}.Debug|Any CPU.ActiveCfg = Debug|Any CPU
		{C0DF27BA-C56C-4F35-9ED0-5D7CCA1CADAA}.Debug|Any CPU.Build.0 = Debug|Any CPU
		{C0DF27BA-C56C-4F35-9ED0-5D7CCA1CADAA}.Release|Any CPU.ActiveCfg = Release|Any CPU
		{C0DF27BA-C56C-4F35-9ED0-5D7CCA1CADAA}.Release|Any CPU.Build.0 = Release|Any CPU
		{75E0AE34-A992-42A5-A3B2-586B9AF732D0}.Debug|Any CPU.ActiveCfg = Debug|Any CPU
		{75E0AE34-A992-42A5-A3B2-586B9AF732D0}.Debug|Any CPU.Build.0 = Debug|Any CPU
		{75E0AE34-A992-42A5-A3B2-586B9AF732D0}.Release|Any CPU.ActiveCfg = Release|Any CPU
		{75E0AE34-A992-42A5-A3B2-586B9AF732D0}.Release|Any CPU.Build.0 = Release|Any CPU
		{554AC28E-8CD1-4759-BDFD-F8B21499E98C}.Debug|Any CPU.ActiveCfg = Debug|Any CPU
		{554AC28E-8CD1-4759-BDFD-F8B21499E98C}.Debug|Any CPU.Build.0 = Debug|Any CPU
		{554AC28E-8CD1-4759-BDFD-F8B21499E98C}.Release|Any CPU.ActiveCfg = Release|Any CPU
		{554AC28E-8CD1-4759-BDFD-F8B21499E98C}.Release|Any CPU.Build.0 = Release|Any CPU
		{EB76738F-E78B-4B99-83D2-B5DCD633552C}.Debug|Any CPU.ActiveCfg = Debug|Any CPU
		{EB76738F-E78B-4B99-83D2-B5DCD633552C}.Debug|Any CPU.Build.0 = Debug|Any CPU
		{EB76738F-E78B-4B99-83D2-B5DCD633552C}.Release|Any CPU.ActiveCfg = Release|Any CPU
		{EB76738F-E78B-4B99-83D2-B5DCD633552C}.Release|Any CPU.Build.0 = Release|Any CPU
		{7F4F33AD-67C2-4CA9-97A1-FF3B797EDF8F}.Debug|Any CPU.ActiveCfg = Debug|Any CPU
		{7F4F33AD-67C2-4CA9-97A1-FF3B797EDF8F}.Debug|Any CPU.Build.0 = Debug|Any CPU
		{7F4F33AD-67C2-4CA9-97A1-FF3B797EDF8F}.Release|Any CPU.ActiveCfg = Release|Any CPU
		{7F4F33AD-67C2-4CA9-97A1-FF3B797EDF8F}.Release|Any CPU.Build.0 = Release|Any CPU
		{FE91A087-6794-431C-8F2C-C9489B703392}.Debug|Any CPU.ActiveCfg = Debug|Any CPU
		{FE91A087-6794-431C-8F2C-C9489B703392}.Debug|Any CPU.Build.0 = Debug|Any CPU
		{FE91A087-6794-431C-8F2C-C9489B703392}.Release|Any CPU.ActiveCfg = Release|Any CPU
		{FE91A087-6794-431C-8F2C-C9489B703392}.Release|Any CPU.Build.0 = Release|Any CPU
		{FD7408BE-9BBA-4419-AB08-590DB9DD14B1}.Debug|Any CPU.ActiveCfg = Debug|Any CPU
		{FD7408BE-9BBA-4419-AB08-590DB9DD14B1}.Debug|Any CPU.Build.0 = Debug|Any CPU
		{FD7408BE-9BBA-4419-AB08-590DB9DD14B1}.Release|Any CPU.ActiveCfg = Release|Any CPU
		{FD7408BE-9BBA-4419-AB08-590DB9DD14B1}.Release|Any CPU.Build.0 = Release|Any CPU
		{1B6ECAC2-8BCF-461A-9CC2-494210BCB915}.Debug|Any CPU.ActiveCfg = Debug|Any CPU
		{1B6ECAC2-8BCF-461A-9CC2-494210BCB915}.Debug|Any CPU.Build.0 = Debug|Any CPU
		{1B6ECAC2-8BCF-461A-9CC2-494210BCB915}.Release|Any CPU.ActiveCfg = Release|Any CPU
		{1B6ECAC2-8BCF-461A-9CC2-494210BCB915}.Release|Any CPU.Build.0 = Release|Any CPU
		{BB5A040D-EDC4-42E9-B6B5-8D4819D6114C}.Debug|Any CPU.ActiveCfg = Debug|Any CPU
		{BB5A040D-EDC4-42E9-B6B5-8D4819D6114C}.Debug|Any CPU.Build.0 = Debug|Any CPU
		{BB5A040D-EDC4-42E9-B6B5-8D4819D6114C}.Release|Any CPU.ActiveCfg = Release|Any CPU
		{BB5A040D-EDC4-42E9-B6B5-8D4819D6114C}.Release|Any CPU.Build.0 = Release|Any CPU
	EndGlobalSection
	GlobalSection(SolutionProperties) = preSolution
		HideSolutionNode = FALSE
	EndGlobalSection
	GlobalSection(ExtensibilityGlobals) = postSolution
		SolutionGuid = {11C202CE-CC8F-444B-B2BD-4C00CCF405B9}
	EndGlobalSection
EndGlobal
